PODS:
  - cometchat_calls_sdk (4.0.9):
    - CometChatCallsSDK (= 4.0.6)
    - Flutter
  - cometchat_calls_uikit (4.3.0):
    - Flutter
  - cometchat_chat_uikit (4.5.0):
    - Flutter
  - cometchat_sdk (4.0.11):
    - CometChatSDK (= 4.0.46)
    - Flutter
  - cometchat_uikit_shared (4.3.0):
    - Flutter
  - CometChatCallsSDK (4.0.6):
    - CometChatWebRTC (= 1.106.1)
  - CometChatSDK (4.0.46)
  - CometChatWebRTC (1.106.1)
  - CryptoSwift (1.8.2)
  - Firebase/CoreOnly (10.18.0):
    - FirebaseCore (= 10.18.0)
  - Firebase/Messaging (10.18.0):
    - Firebase/CoreOnly
    - FirebaseMessaging (~> 10.18.0)
  - firebase_core (2.24.2):
    - Firebase/CoreOnly (= 10.18.0)
    - Flutter
  - firebase_messaging (14.7.10):
    - Firebase/Messaging (= 10.18.0)
    - firebase_core
    - Flutter
  - FirebaseCore (10.18.0):
    - FirebaseCoreInternal (~> 10.0)
    - GoogleUtilities/Environment (~> 7.12)
    - GoogleUtilities/Logger (~> 7.12)
  - FirebaseCoreInternal (10.27.0):
    - "GoogleUtilities/NSData+zlib (~> 7.8)"
  - FirebaseInstallations (10.27.0):
    - FirebaseCore (~> 10.0)
    - GoogleUtilities/Environment (~> 7.8)
    - GoogleUtilities/UserDefaults (~> 7.8)
    - PromisesObjC (~> 2.1)
  - FirebaseMessaging (10.18.0):
    - FirebaseCore (~> 10.0)
    - FirebaseInstallations (~> 10.0)
    - GoogleDataTransport (~> 9.2)
    - GoogleUtilities/AppDelegateSwizzler (~> 7.8)
    - GoogleUtilities/Environment (~> 7.8)
    - GoogleUtilities/Reachability (~> 7.8)
    - GoogleUtilities/UserDefaults (~> 7.8)
    - nanopb (< 2.30910.0, >= 2.30908.0)
  - Flutter (1.0.0)
  - flutter_apns_only (0.0.1):
    - Flutter
  - flutter_callkit_incoming (0.0.1):
    - CryptoSwift
    - Flutter
  - flutter_local_notifications (0.0.1):
    - Flutter
  - GoogleDataTransport (9.4.1):
    - GoogleUtilities/Environment (~> 7.7)
    - nanopb (< 2.30911.0, >= 2.30908.0)
    - PromisesObjC (< 3.0, >= 1.2)
  - GoogleUtilities/AppDelegateSwizzler (7.13.3):
    - GoogleUtilities/Environment
    - GoogleUtilities/Logger
    - GoogleUtilities/Network
    - GoogleUtilities/Privacy
  - GoogleUtilities/Environment (7.13.3):
    - GoogleUtilities/Privacy
    - PromisesObjC (< 3.0, >= 1.2)
  - GoogleUtilities/Logger (7.13.3):
    - GoogleUtilities/Environment
    - GoogleUtilities/Privacy
  - GoogleUtilities/Network (7.13.3):
    - GoogleUtilities/Logger
    - "GoogleUtilities/NSData+zlib"
    - GoogleUtilities/Privacy
    - GoogleUtilities/Reachability
  - "GoogleUtilities/NSData+zlib (7.13.3)":
    - GoogleUtilities/Privacy
  - GoogleUtilities/Privacy (7.13.3)
  - GoogleUtilities/Reachability (7.13.3):
    - GoogleUtilities/Logger
    - GoogleUtilities/Privacy
  - GoogleUtilities/UserDefaults (7.13.3):
    - GoogleUtilities/Logger
    - GoogleUtilities/Privacy
  - image_picker_ios (0.0.1):
    - Flutter
  - nanopb (2.30909.1):
    - nanopb/decode (= 2.30909.1)
    - nanopb/encode (= 2.30909.1)
  - nanopb/decode (2.30909.1)
  - nanopb/encode (2.30909.1)
  - package_info_plus (0.4.5):
    - Flutter
  - path_provider_foundation (0.0.1):
    - Flutter
    - FlutterMacOS
  - PromisesObjC (2.4.0)
  - shared_preferences_foundation (0.0.1):
    - Flutter
    - FlutterMacOS
  - url_launcher_ios (0.0.1):
    - Flutter
  - video_player_avfoundation (0.0.1):
    - Flutter
    - FlutterMacOS
  - wakelock_plus (0.0.1):
    - Flutter
  - webview_flutter_wkwebview (0.0.1):
    - Flutter

DEPENDENCIES:
  - cometchat_calls_sdk (from `.symlinks/plugins/cometchat_calls_sdk/ios`)
  - cometchat_calls_uikit (from `.symlinks/plugins/cometchat_calls_uikit/ios`)
  - cometchat_chat_uikit (from `.symlinks/plugins/cometchat_chat_uikit/ios`)
  - cometchat_sdk (from `.symlinks/plugins/cometchat_sdk/ios`)
  - cometchat_uikit_shared (from `.symlinks/plugins/cometchat_uikit_shared/ios`)
  - firebase_core (from `.symlinks/plugins/firebase_core/ios`)
  - firebase_messaging (from `.symlinks/plugins/firebase_messaging/ios`)
  - Flutter (from `Flutter`)
  - flutter_apns_only (from `.symlinks/plugins/flutter_apns_only/ios`)
  - flutter_callkit_incoming (from `.symlinks/plugins/flutter_callkit_incoming/ios`)
  - flutter_local_notifications (from `.symlinks/plugins/flutter_local_notifications/ios`)
  - image_picker_ios (from `.symlinks/plugins/image_picker_ios/ios`)
  - package_info_plus (from `.symlinks/plugins/package_info_plus/ios`)
  - path_provider_foundation (from `.symlinks/plugins/path_provider_foundation/darwin`)
  - shared_preferences_foundation (from `.symlinks/plugins/shared_preferences_foundation/darwin`)
  - url_launcher_ios (from `.symlinks/plugins/url_launcher_ios/ios`)
  - video_player_avfoundation (from `.symlinks/plugins/video_player_avfoundation/darwin`)
  - wakelock_plus (from `.symlinks/plugins/wakelock_plus/ios`)
  - webview_flutter_wkwebview (from `.symlinks/plugins/webview_flutter_wkwebview/ios`)

SPEC REPOS:
  trunk:
    - CometChatCallsSDK
    - CometChatSDK
    - CometChatWebRTC
    - CryptoSwift
    - Firebase
    - FirebaseCore
    - FirebaseCoreInternal
    - FirebaseInstallations
    - FirebaseMessaging
    - GoogleDataTransport
    - GoogleUtilities
    - nanopb
    - PromisesObjC

EXTERNAL SOURCES:
  cometchat_calls_sdk:
    :path: ".symlinks/plugins/cometchat_calls_sdk/ios"
  cometchat_calls_uikit:
    :path: ".symlinks/plugins/cometchat_calls_uikit/ios"
  cometchat_chat_uikit:
    :path: ".symlinks/plugins/cometchat_chat_uikit/ios"
  cometchat_sdk:
    :path: ".symlinks/plugins/cometchat_sdk/ios"
  cometchat_uikit_shared:
    :path: ".symlinks/plugins/cometchat_uikit_shared/ios"
  firebase_core:
    :path: ".symlinks/plugins/firebase_core/ios"
  firebase_messaging:
    :path: ".symlinks/plugins/firebase_messaging/ios"
  Flutter:
    :path: Flutter
  flutter_apns_only:
    :path: ".symlinks/plugins/flutter_apns_only/ios"
  flutter_callkit_incoming:
    :path: ".symlinks/plugins/flutter_callkit_incoming/ios"
  flutter_local_notifications:
    :path: ".symlinks/plugins/flutter_local_notifications/ios"
  image_picker_ios:
    :path: ".symlinks/plugins/image_picker_ios/ios"
  package_info_plus:
    :path: ".symlinks/plugins/package_info_plus/ios"
  path_provider_foundation:
    :path: ".symlinks/plugins/path_provider_foundation/darwin"
  shared_preferences_foundation:
    :path: ".symlinks/plugins/shared_preferences_foundation/darwin"
  url_launcher_ios:
    :path: ".symlinks/plugins/url_launcher_ios/ios"
  video_player_avfoundation:
    :path: ".symlinks/plugins/video_player_avfoundation/darwin"
  wakelock_plus:
    :path: ".symlinks/plugins/wakelock_plus/ios"
  webview_flutter_wkwebview:
    :path: ".symlinks/plugins/webview_flutter_wkwebview/ios"

SPEC CHECKSUMS:
  cometchat_calls_sdk: f1710462c3adc9a9e866adf8774312905a3d098c
  cometchat_calls_uikit: 42579739b2c878ee012e11bf8b3719ea7dd86c88
  cometchat_chat_uikit: 7ee1be90a8ae91a3d2b4d87b381fd5abb10e5084
  cometchat_sdk: e7ff1e2ea4dea67f68e6b91b99d559cec7ff75d3
  cometchat_uikit_shared: 6d85a7fd9fad059b9e4effa5f89b9f203a51cf3b
  CometChatCallsSDK: 121b36c761d5f244cc9608c44a15a2a8c02ee877
  CometChatSDK: 4d564fc763fabffde62749c85847a2304a76f38e
  CometChatWebRTC: c08f446967168f6de442b48b824623411651dbb5
  CryptoSwift: c63a805d8bb5e5538e88af4e44bb537776af11ea
  Firebase: 414ad272f8d02dfbf12662a9d43f4bba9bec2a06
  firebase_core: 0af4a2b24f62071f9bf283691c0ee41556dcb3f5
  firebase_messaging: 90e8a6db84b6e1e876cebce4f30f01dc495e7014
  FirebaseCore: 2322423314d92f946219c8791674d2f3345b598f
  FirebaseCoreInternal: 4b297a2d56063dbea2c1d0d04222d44a8d058862
  FirebaseInstallations: 766dabca09fd94aef922538aaf144cc4a6fb6869
  FirebaseMessaging: 9bc34a98d2e0237e1b121915120d4d48ddcf301e
  Flutter: e0871f40cf51350855a761d2e70bf5af5b9b5de7
  flutter_apns_only: 3d91c0ca9dbef4439874858590909a19f8ed06a4
  flutter_callkit_incoming: 417dd1b46541cdd5d855ad795ccbe97d1c18155e
  flutter_local_notifications: 0c0b1ae97e741e1521e4c1629a459d04b9aec743
  GoogleDataTransport: 6c09b596d841063d76d4288cc2d2f42cc36e1e2a
  GoogleUtilities: ea963c370a38a8069cc5f7ba4ca849a60b6d7d15
  image_picker_ios: 99dfe1854b4fa34d0364e74a78448a0151025425
  nanopb: d4d75c12cd1316f4a64e3c6963f879ecd4b5e0d5
  package_info_plus: 115f4ad11e0698c8c1c5d8a689390df880f47e85
  path_provider_foundation: 3784922295ac71e43754bd15e0653ccfd36a147c
  PromisesObjC: f5707f49cb48b9636751c5b2e7d227e43fba9f47
  shared_preferences_foundation: b4c3b4cddf1c21f02770737f147a3f5da9d39695
  url_launcher_ios: bbd758c6e7f9fd7b5b1d4cde34d2b95fcce5e812
  video_player_avfoundation: e9e6f9cae7d7a6d9b43519b0aab382bca60fcfd1
  wakelock_plus: 8b09852c8876491e4b6d179e17dfe2a0b5f60d47
  webview_flutter_wkwebview: 4f3e50f7273d31e5500066ed267e3ae4309c5ae4

PODFILE CHECKSUM: e829b2d2ffd2cd9bbba9de517ecc973b7eada210

COCOAPODS: 1.14.2
